{
    "_readme": [
        "This file locks the dependencies of your project to a known state",
        "Read more about it at https://getcomposer.org/doc/01-basic-usage.md#installing-dependencies",
        "This file is @generated automatically"
    ],
    "content-hash": "67b202e7361e381a35ba814847c77881",
    "packages": [
        {
            "name": "filp/whoops",
            "version": "1.1.10",
            "source": {
                "type": "git",
                "url": "https://github.com/filp/whoops.git",
                "reference": "72538eeb70bbfb11964412a3d098d109efd012f7"
            },
            "dist": {
                "type": "zip",
                "url": "https://api.github.com/repos/filp/whoops/zipball/72538eeb70bbfb11964412a3d098d109efd012f7",
                "reference": "72538eeb70bbfb11964412a3d098d109efd012f7",
                "shasum": ""
            },
            "require": {
                "php": ">=5.3.0"
            },
            "require-dev": {
                "mockery/mockery": "0.9.*"
            },
            "type": "library",
            "extra": {
                "branch-alias": {
                    "dev-master": "1.2-dev"
                }
            },
            "autoload": {
                "psr-0": {
                    "Whoops": "src/"
                },
                "classmap": [
                    "src/deprecated"
                ]
            },
            "notification-url": "https://packagist.org/downloads/",
            "license": [
                "MIT"
            ],
            "authors": [
                {
                    "name": "Filipe Dobreira",
                    "homepage": "https://github.com/filp",
                    "role": "Developer"
                }
            ],
            "description": "php error handling for cool kids",
            "homepage": "https://github.com/filp/whoops",
            "keywords": [
                "error",
                "exception",
                "handling",
                "library",
                "silex-provider",
                "whoops",
                "zf2"
            ],
            "time": "2015-06-29T05:42:04+00:00"
        },
        {
            "name": "jakeasmith/http_build_url",
            "version": "1.0.1",
            "source": {
                "type": "git",
                "url": "https://github.com/jakeasmith/http_build_url.git",
                "reference": "93c273e77cb1edead0cf8bcf8cd2003428e74e37"
            },
            "dist": {
                "type": "zip",
                "url": "https://api.github.com/repos/jakeasmith/http_build_url/zipball/93c273e77cb1edead0cf8bcf8cd2003428e74e37",
                "reference": "93c273e77cb1edead0cf8bcf8cd2003428e74e37",
                "shasum": ""
            },
            "type": "library",
            "autoload": {
                "files": [
                    "src/http_build_url.php"
                ]
            },
            "notification-url": "https://packagist.org/downloads/",
            "license": [
                "MIT"
            ],
            "authors": [
                {
                    "name": "Jake A. Smith",
                    "email": "theman@jakeasmith.com"
                }
            ],
            "description": "Provides functionality for http_build_url() to environments without pecl_http.",
            "time": "2017-05-01T15:36:40+00:00"
        },
        {
            "name": "league/pipeline",
            "version": "0.1.0",
            "source": {
                "type": "git",
                "url": "https://github.com/thephpleague/pipeline.git",
                "reference": "c8145611b588ab20bb5dd7a12d0f741b40fc57bd"
            },
            "dist": {
                "type": "zip",
                "url": "https://api.github.com/repos/thephpleague/pipeline/zipball/c8145611b588ab20bb5dd7a12d0f741b40fc57bd",
                "reference": "c8145611b588ab20bb5dd7a12d0f741b40fc57bd",
                "shasum": ""
            },
            "require": {
                "php": ">=5.5"
            },
            "require-dev": {
                "henrikbjorn/phpspec-code-coverage": "^1.0",
                "phpspec/phpspec": "^2.2"
            },
            "type": "library",
            "autoload": {
                "psr-4": {
                    "League\\Pipeline\\": "src"
                }
            },
            "notification-url": "https://packagist.org/downloads/",
            "license": [
                "MIT"
            ],
            "authors": [
                {
                    "name": "Frank de Jonge",
                    "email": "info@frenky.net"
                }
            ],
            "description": "A plug and play pipeline implementation.",
            "keywords": [
                "composition",
                "design pattern",
                "pattern",
                "pipeline",
                "sequential"
            ],
            "time": "2015-06-25T16:50:06+00:00"
        },
        {
            "name": "monolyth/booby",
            "version": "1.2.2",
            "source": {
                "type": "git",
                "url": "https://github.com/monolyth-php/booby.git",
                "reference": "22a1dab3aa033603b4dbc8926bfc0488ce40832e"
            },
            "dist": {
                "type": "zip",
                "url": "https://api.github.com/repos/monolyth-php/booby/zipball/22a1dab3aa033603b4dbc8926bfc0488ce40832e",
                "reference": "22a1dab3aa033603b4dbc8926bfc0488ce40832e",
                "shasum": ""
            },
            "require": {
                "php": ">=7.3"
            },
            "require-dev": {
                "gentry/gentry": "^0.13.0",
                "toast/unit": "^1.3"
            },
            "type": "library",
            "autoload": {
                "psr-4": {
                    "Monolyth\\Booby\\": "src"
                }
            },
            "notification-url": "https://packagist.org/downloads/",
            "license": [
                "MIT"
            ],
            "authors": [
                {
                    "name": "Marijn Ophorst",
                    "email": "marijn@monomelodies.nl"
                }
            ],
            "description": "Flash message storage system for Monolyth unframework",
            "keywords": [
                "flash",
                "message",
                "monolyth",
                "php",
                "storage"
            ],
            "time": "2019-04-14T15:30:09+00:00"
        },
        {
            "name": "monolyth/cachet",
            "version": "1.0.3",
            "source": {
                "type": "git",
                "url": "https://github.com/monolyth-php/cachet.git",
                "reference": "24d45025126e1e14602dc5dae9b1be920761adbb"
            },
            "dist": {
                "type": "zip",
                "url": "https://api.github.com/repos/monolyth-php/cachet/zipball/24d45025126e1e14602dc5dae9b1be920761adbb",
                "reference": "24d45025126e1e14602dc5dae9b1be920761adbb",
                "shasum": ""
            },
            "require": {
                "monolyth/cliff": "^0.4.0"
            },
            "require-dev": {
                "gentry/gentry": "^0.13.7",
                "gentry/toast": "^0.1.0",
                "toast/unit": "^1.3"
            },
            "type": "library",
            "autoload": {
                "psr-4": {
                    "Monolyth\\Cachet\\": "./src",
                    "Tools\\": "./tools"
                }
            },
            "notification-url": "https://packagist.org/downloads/",
            "license": [
                "MIT"
            ],
            "authors": [
                {
                    "name": "Marijn Ophorst",
                    "email": "marijn@monomelodies.nl"
                }
            ],
            "description": "Cachebuster command",
            "time": "2019-11-12T15:07:10+00:00"
        },
        {
            "name": "monolyth/cesession",
            "version": "1.1.5",
            "source": {
                "type": "git",
                "url": "https://github.com/monolyth-php/cesession.git",
                "reference": "227064090f793e1efe90a0b808687faebf0f816e"
            },
            "dist": {
                "type": "zip",
                "url": "https://api.github.com/repos/monolyth-php/cesession/zipball/227064090f793e1efe90a0b808687faebf0f816e",
                "reference": "227064090f793e1efe90a0b808687faebf0f816e",
                "shasum": ""
            },
            "require": {
                "php": ">=7.3"
            },
            "require-dev": {
                "gentry/gentry": "^0.13.0",
                "gentry/toast": "^0.1.0",
                "toast/unit": "^1.3"
            },
            "type": "library",
            "autoload": {
                "psr-4": {
                    "Monolyth\\Cesession\\": "src"
                }
            },
            "notification-url": "https://packagist.org/downloads/",
            "license": [
                "MIT"
            ],
            "authors": [
                {
                    "name": "Marijn Ophorst",
                    "email": "marijn@monomelodies.nl"
                }
            ],
            "description": "Alternative PHP session handler for Monolyth unframework",
            "keywords": [
                "handler",
                "monolyth",
                "php",
                "session"
            ],
            "time": "2019-08-18T13:00:59+00:00"
        },
        {
            "name": "monolyth/cliff",
            "version": "0.4.1",
            "source": {
                "type": "git",
                "url": "https://github.com/monolyth-php/cliff.git",
                "reference": "e8c7e3645da9f8ddadc938bb6d1b1224c1d1d308"
            },
            "dist": {
                "type": "zip",
                "url": "https://api.github.com/repos/monolyth-php/cliff/zipball/e8c7e3645da9f8ddadc938bb6d1b1224c1d1d308",
                "reference": "e8c7e3645da9f8ddadc938bb6d1b1224c1d1d308",
                "shasum": ""
            },
            "require": {
                "monomelodies/reflex": "^0.3.0",
                "php": ">=7.3",
                "ulrichsg/getopt-php": "^3.2",
                "zeptech/annotations": "^1.1"
            },
            "require-dev": {
                "toast/unit": "^2.0"
            },
            "bin": [
                "bin/cliff"
            ],
            "type": "library",
            "autoload": {
                "psr-4": {
                    "Monolyth\\Cliff\\": "./src",
                    "Monolyth\\Cliff\\Demo\\": "./demo"
                }
            },
            "notification-url": "https://packagist.org/downloads/",
            "license": [
                "MIT"
            ],
            "authors": [
                {
                    "name": "Marijn Ophorst",
                    "email": "marijn@monomelodies.nl"
                }
            ],
            "description": "Command line interface for Monolyth unframework",
            "time": "2019-11-12T16:43:30+00:00"
        },
        {
            "name": "monolyth/croney",
            "version": "0.5.4",
            "source": {
                "type": "git",
                "url": "https://github.com/monolyth-php/croney.git",
                "reference": "a34ac39f53336b80d205f1de7ee14ac9c09bb7ab"
            },
            "dist": {
                "type": "zip",
                "url": "https://api.github.com/repos/monolyth-php/croney/zipball/a34ac39f53336b80d205f1de7ee14ac9c09bb7ab",
                "reference": "a34ac39f53336b80d205f1de7ee14ac9c09bb7ab",
                "shasum": ""
            },
            "require": {
                "php": ">=7.3",
                "ulrichsg/getopt-php": "^3.2"
            },
            "require-dev": {
                "gentry/gentry": "^0.13.0",
                "gentry/toast": "^0.1.0",
                "toast/unit": "^2.0"
            },
            "type": "library",
            "autoload": {
                "psr-4": {
                    "Monolyth\\Croney\\": "src/"
                }
            },
            "notification-url": "https://packagist.org/downloads/",
            "license": [
                "MIT"
            ],
            "authors": [
                {
                    "name": "Marijn Ophorst",
                    "email": "marijn@monomelodies.nl"
                }
            ],
            "description": "PHP-based CRON scheduler",
            "time": "2019-11-16T15:06:37+00:00"
        },
        {
            "name": "monolyth/disclosure",
            "version": "2.1.3",
            "source": {
                "type": "git",
                "url": "https://github.com/monolyth-php/disclosure.git",
                "reference": "6c2553ec0e10243e73a79a5e469c9fd9d40a833b"
            },
            "dist": {
                "type": "zip",
                "url": "https://api.github.com/repos/monolyth-php/disclosure/zipball/6c2553ec0e10243e73a79a5e469c9fd9d40a833b",
                "reference": "6c2553ec0e10243e73a79a5e469c9fd9d40a833b",
                "shasum": ""
            },
            "require": {
                "php": ">=7.3",
                "toast/unit": "^2.0"
            },
            "require-dev": {
                "gentry/gentry": "^0.13.3"
            },
            "type": "library",
            "autoload": {
                "psr-4": {
                    "Monolyth\\Disclosure\\": "src"
                }
            },
            "notification-url": "https://packagist.org/downloads/",
            "license": [
                "MIT"
            ],
            "authors": [
                {
                    "name": "Marijn Ophorst",
                    "email": "marijn@monomelodies.nl"
                }
            ],
            "description": "Dependency injection for the Monolyth unframework",
            "keywords": [
                "dependency",
                "injection",
                "monolyth",
                "php"
            ],
            "time": "2019-11-09T07:09:15+00:00"
        },
        {
            "name": "monolyth/envy",
            "version": "0.6.0",
            "source": {
                "type": "git",
                "url": "https://github.com/monolyth-php/envy.git",
                "reference": "b3c05dfa1075d81fb82d0ea7c33288a1a53e77b1"
            },
            "dist": {
                "type": "zip",
                "url": "https://api.github.com/repos/monolyth-php/envy/zipball/b3c05dfa1075d81fb82d0ea7c33288a1a53e77b1",
                "reference": "b3c05dfa1075d81fb82d0ea7c33288a1a53e77b1",
                "shasum": ""
            },
            "require": {
                "monomelodies/kingconf": "^1.1.5"
            },
            "require-dev": {
                "phpunit/phpunit": "^8.1.6"
            },
            "type": "library",
            "autoload": {
                "psr-4": {
                    "Monolyth\\Envy\\": "src/"
                }
            },
            "notification-url": "https://packagist.org/downloads/",
            "license": [
                "MIT"
            ],
            "authors": [
                {
                    "name": "Marijn Ophorst",
                    "email": "marijn@monomelodies.nl"
                }
            ],
            "description": "Flexible environment handler for PHP projects (including unit tests!)",
            "time": "2019-06-06T13:25:55+00:00"
        },
        {
            "name": "monolyth/formulaic",
            "version": "1.9.8",
            "source": {
                "type": "git",
                "url": "https://github.com/monolyth-php/formulaic.git",
                "reference": "fc700df36368ebe7bd795ac163c9fac01e8c01a4"
            },
            "dist": {
                "type": "zip",
                "url": "https://api.github.com/repos/monolyth-php/formulaic/zipball/fc700df36368ebe7bd795ac163c9fac01e8c01a4",
                "reference": "fc700df36368ebe7bd795ac163c9fac01e8c01a4",
                "shasum": ""
            },
            "require": {
                "php": ">=7.3"
            },
            "require-dev": {
                "gentry/gentry": "^0.13",
                "toast/unit": "^2.0"
            },
            "type": "library",
            "autoload": {
                "psr-4": {
                    "Monolyth\\Formulaic\\": "src"
                }
            },
            "notification-url": "https://packagist.org/downloads/",
            "license": [
                "MIT"
            ],
            "authors": [
                {
                    "name": "Marijn Ophorst",
                    "email": "marijn@monomelodies.nl"
                }
            ],
            "description": "Monolyth unframework object oriented form tools",
            "keywords": [
                "HTML5",
                "form",
                "monolyth",
                "oo",
                "php",
                "validation"
            ],
            "time": "2019-11-18T09:06:52+00:00"
        },
        {
            "name": "monolyth/frontal",
            "version": "1.0.2",
            "source": {
                "type": "git",
                "url": "https://github.com/monolyth-php/frontal.git",
                "reference": "51422de14b717e1cedad8d33299ae42537177071"
            },
            "dist": {
                "type": "zip",
                "url": "https://api.github.com/repos/monolyth-php/frontal/zipball/51422de14b717e1cedad8d33299ae42537177071",
                "reference": "51422de14b717e1cedad8d33299ae42537177071",
                "shasum": ""
            },
            "require": {
                "league/pipeline": "^0.1.0",
                "php": ">=7.2",
                "zendframework/zend-diactoros": "^1.2"
            },
            "require-dev": {
                "gentry/gentry": "^0.10.0"
            },
            "suggest": {
                "filp/whoops": "PHP errors for cool kids",
                "monolyth/plumber": "Monolyth utilities",
                "twig/twig": "Twig templating engine"
            },
            "type": "library",
            "autoload": {
                "psr-4": {
                    "Monolyth\\Frontal\\": "src/"
                }
            },
            "notification-url": "https://packagist.org/downloads/",
            "license": [
                "MIT"
            ],
            "authors": [
                {
                    "name": "Marijn Ophorst",
                    "email": "marijn@monomelodies.nl"
                }
            ],
            "description": "Monolyth unframework Front controller package",
            "keywords": [
                "framework",
                "front controller",
                "mvc",
                "oo",
                "php",
                "unframework"
            ],
            "time": "2019-09-29T13:56:35+00:00"
        },
        {
            "name": "monolyth/improse",
            "version": "0.7.0",
            "source": {
                "type": "git",
                "url": "https://github.com/monolyth-php/improse.git",
                "reference": "14b369c6d67436532c81526fc37531a327157524"
            },
            "dist": {
                "type": "zip",
                "url": "https://api.github.com/repos/monolyth-php/improse/zipball/14b369c6d67436532c81526fc37531a327157524",
                "reference": "14b369c6d67436532c81526fc37531a327157524",
                "shasum": ""
            },
            "require": {
                "filp/whoops": "^1.1"
            },
            "require-dev": {
                "gentry/gentry": "^0.10.0"
            },
            "type": "library",
            "autoload": {
                "psr-4": {
                    "Monolyth\\Improse\\": "src"
                }
            },
            "notification-url": "https://packagist.org/downloads/",
            "license": [
                "MIT"
            ],
            "authors": [
                {
                    "name": "Marijn Ophorst",
                    "email": "marijn@monomelodies.nl"
                }
            ],
            "description": "PHP5 View and templating system for MVC projects",
            "keywords": [
                "mvc",
                "php",
                "template",
                "view"
            ],
            "time": "2016-07-16T07:01:18+00:00"
        },
        {
            "name": "monolyth/mural",
            "version": "0.3.0",
            "source": {
                "type": "git",
                "url": "https://github.com/monolyth-php/mural.git",
                "reference": "dc784bb3b911ddea7c91dd299986e3ff420ceb82"
            },
            "dist": {
                "type": "zip",
                "url": "https://api.github.com/repos/monolyth-php/mural/zipball/dc784bb3b911ddea7c91dd299986e3ff420ceb82",
                "reference": "dc784bb3b911ddea7c91dd299986e3ff420ceb82",
                "shasum": ""
            },
            "require": {
                "php": ">=5.3"
            },
            "require-dev": {
                "phpunit/phpunit": "^4.7"
            },
            "type": "library",
            "autoload": {
                "psr-4": {
                    "": [
                        "tests"
                    ],
                    "Monolyth\\Mural\\": [
                        "src"
                    ]
                }
            },
            "notification-url": "https://packagist.org/downloads/",
            "license": [
                "MIT"
            ],
            "authors": [
                {
                    "name": "Marijn Ophorst",
                    "email": "marijn@monomelodies.nl"
                }
            ],
            "description": "MUltiple \"Resource\" AutoLoader",
            "time": "2016-07-16T08:38:04+00:00"
        },
        {
            "name": "monolyth/plumber",
            "version": "1.1.0",
            "source": {
                "type": "git",
                "url": "https://github.com/monolyth-php/plumber.git",
                "reference": "3378da8353896c15b8d3ae305a828a3e4008a3cc"
            },
            "dist": {
                "type": "zip",
                "url": "https://api.github.com/repos/monolyth-php/plumber/zipball/3378da8353896c15b8d3ae305a828a3e4008a3cc",
                "reference": "3378da8353896c15b8d3ae305a828a3e4008a3cc",
                "shasum": ""
            },
            "require": {
                "ext-mbstring": "*"
            },
            "require-dev": {
                "toast/unit": "^1.3"
            },
            "type": "library",
            "autoload": {
                "psr-4": {
                    "Monolyth\\Plumber\\": "src/"
                }
            },
            "notification-url": "https://packagist.org/downloads/",
            "license": [
                "MIT"
            ],
            "authors": [
                {
                    "name": "Marijn Ophorst",
                    "email": "marijn@monomelodies.nl"
                }
            ],
            "description": "Utilities for the Monolyth unframework",
            "time": "2018-02-14T06:16:18+00:00"
        },
        {
            "name": "monolyth/reroute",
            "version": "4.2.7",
            "source": {
                "type": "git",
                "url": "https://github.com/monolyth-php/reroute.git",
                "reference": "2e6e3310ed36fcf24a6af1bf23cbd10e07fb1610"
            },
            "dist": {
                "type": "zip",
                "url": "https://api.github.com/repos/monolyth-php/reroute/zipball/2e6e3310ed36fcf24a6af1bf23cbd10e07fb1610",
                "reference": "2e6e3310ed36fcf24a6af1bf23cbd10e07fb1610",
                "shasum": ""
            },
            "require": {
                "jakeasmith/http_build_url": "^1.0.0",
                "league/pipeline": "^0.1.0",
                "php": ">=7.1",
                "zendframework/zend-diactoros": "^1.2"
            },
            "require-dev": {
                "toast/unit": "^1.3"
            },
            "type": "library",
            "autoload": {
                "psr-4": {
                    "Monolyth\\Reroute\\": "src"
                }
            },
            "notification-url": "https://packagist.org/downloads/",
            "license": [
                "MIT"
            ],
            "authors": [
                {
                    "name": "Marijn Ophorst",
                    "email": "marijn@monomelodies.nl"
                }
            ],
            "description": "Extremely flexible router for the Monolyth unframework",
            "keywords": [
                "mvc",
                "php",
                "router"
            ],
            "time": "2018-12-30T09:54:00+00:00"
        },
        {
            "name": "monomelodies/kingconf",
            "version": "1.1.5",
            "source": {
                "type": "git",
                "url": "https://github.com/monomelodies/kingconf.git",
                "reference": "6709a1b23cd906a2a16bf8780730a404ca769e63"
            },
            "dist": {
                "type": "zip",
                "url": "https://api.github.com/repos/monomelodies/kingconf/zipball/6709a1b23cd906a2a16bf8780730a404ca769e63",
                "reference": "6709a1b23cd906a2a16bf8780730a404ca769e63",
                "shasum": ""
            },
            "require": {
                "php": ">=7.2",
                "symfony/yaml": "^4.3.0"
            },
            "require-dev": {
                "phpunit/phpunit": ">=4"
            },
            "type": "library",
            "autoload": {
                "psr-4": {
                    "Monomelodies\\Kingconf\\": "src/"
                }
            },
            "notification-url": "https://packagist.org/downloads/",
            "license": [
                "MIT"
            ],
            "authors": [
                {
                    "name": "Marijn Ophorst",
                    "email": "marijn@monomelodies.nl"
                }
            ],
            "description": "Load configuration in any sane format",
            "keywords": [
                "config",
                "configuration",
                "ini",
                "json",
                "loader",
                "php",
                "xml",
                "yaml"
            ],
            "time": "2019-06-06T13:16:02+00:00"
        },
        {
            "name": "monomelodies/reflex",
            "version": "0.3.3",
            "source": {
                "type": "git",
                "url": "https://github.com/monomelodies/reflex.git",
                "reference": "70dc4d8980bbb986bd86ec4d9e7112ba3c9728df"
            },
            "dist": {
                "type": "zip",
                "url": "https://api.github.com/repos/monomelodies/reflex/zipball/70dc4d8980bbb986bd86ec4d9e7112ba3c9728df",
                "reference": "70dc4d8980bbb986bd86ec4d9e7112ba3c9728df",
                "shasum": ""
            },
            "require": {
                "php": ">=7.3",
                "zeptech/annotations": "^1.1"
            },
            "require-dev": {
                "toast/unit": "^1.3"
            },
            "type": "library",
            "autoload": {
                "psr-4": {
                    "Monomelodies\\Reflex\\": "./src",
                    "Tests\\": "./classes-for-testing"
                }
            },
            "notification-url": "https://packagist.org/downloads/",
            "license": [
                "MIT"
            ],
            "authors": [
                {
                    "name": "Marijn Ophorst",
                    "email": "marijn@monomelodies.nl"
                }
            ],
            "description": "Reflection utilities for PHP7+",
            "time": "2019-10-05T15:58:17+00:00"
        },
        {
            "name": "psr/http-message",
            "version": "1.0.1",
            "source": {
                "type": "git",
                "url": "https://github.com/php-fig/http-message.git",
                "reference": "f6561bf28d520154e4b0ec72be95418abe6d9363"
            },
            "dist": {
                "type": "zip",
                "url": "https://api.github.com/repos/php-fig/http-message/zipball/f6561bf28d520154e4b0ec72be95418abe6d9363",
                "reference": "f6561bf28d520154e4b0ec72be95418abe6d9363",
                "shasum": ""
            },
            "require": {
                "php": ">=5.3.0"
            },
            "type": "library",
            "extra": {
                "branch-alias": {
                    "dev-master": "1.0.x-dev"
                }
            },
            "autoload": {
                "psr-4": {
                    "Psr\\Http\\Message\\": "src/"
                }
            },
            "notification-url": "https://packagist.org/downloads/",
            "license": [
                "MIT"
            ],
            "authors": [
                {
                    "name": "PHP-FIG",
                    "homepage": "http://www.php-fig.org/"
                }
            ],
            "description": "Common interface for HTTP messages",
            "homepage": "https://github.com/php-fig/http-message",
            "keywords": [
                "http",
                "http-message",
                "psr",
                "psr-7",
                "request",
                "response"
            ],
            "time": "2016-08-06T14:39:51+00:00"
        },
        {
            "name": "simoneast/simple-ansi-colors",
            "version": "1.0.1",
            "source": {
                "type": "git",
                "url": "https://github.com/SimonEast/Simple-Ansi-Colors.git",
                "reference": "7b0abb5d779e25fffd26bcceb3d88278d1c064ed"
            },
            "dist": {
                "type": "zip",
                "url": "https://api.github.com/repos/SimonEast/Simple-Ansi-Colors/zipball/7b0abb5d779e25fffd26bcceb3d88278d1c064ed",
                "reference": "7b0abb5d779e25fffd26bcceb3d88278d1c064ed",
                "shasum": ""
            },
            "require": {
                "php": ">=5.3.0"
            },
            "type": "library",
            "autoload": {
                "psr-0": {
                    "Ansi": ""
                }
            },
            "notification-url": "https://packagist.org/downloads/",
            "license": [
                "MIT"
            ],
            "authors": [
                {
                    "name": "Simon East",
                    "email": "simon@yump.com.au"
                }
            ],
            "description": "Simple PHP class for converting basic HTML-like color tags into ANSI escape codes for use in console apps and scripts. Auto-detection for Windows/Ansicon users included.",
            "homepage": "https://github.com/SimonEast/Simple-Ansi-Colors",
            "keywords": [
                "ansi",
                "ansicon",
                "color",
                "colors",
                "colour",
                "colours",
                "console"
            ],
            "time": "2015-11-24T03:03:27+00:00"
        },
        {
            "name": "symfony/polyfill-ctype",
            "version": "v1.12.0",
            "source": {
                "type": "git",
                "url": "https://github.com/symfony/polyfill-ctype.git",
                "reference": "550ebaac289296ce228a706d0867afc34687e3f4"
            },
            "dist": {
                "type": "zip",
                "url": "https://api.github.com/repos/symfony/polyfill-ctype/zipball/550ebaac289296ce228a706d0867afc34687e3f4",
                "reference": "550ebaac289296ce228a706d0867afc34687e3f4",
                "shasum": ""
            },
            "require": {
                "php": ">=5.3.3"
            },
            "suggest": {
                "ext-ctype": "For best performance"
            },
            "type": "library",
            "extra": {
                "branch-alias": {
                    "dev-master": "1.12-dev"
                }
            },
            "autoload": {
                "psr-4": {
                    "Symfony\\Polyfill\\Ctype\\": ""
                },
                "files": [
                    "bootstrap.php"
                ]
            },
            "notification-url": "https://packagist.org/downloads/",
            "license": [
                "MIT"
            ],
            "authors": [
                {
                    "name": "Gert de Pagter",
                    "email": "BackEndTea@gmail.com"
                },
                {
                    "name": "Symfony Community",
                    "homepage": "https://symfony.com/contributors"
                }
            ],
            "description": "Symfony polyfill for ctype functions",
            "homepage": "https://symfony.com",
            "keywords": [
                "compatibility",
                "ctype",
                "polyfill",
                "portable"
            ],
            "time": "2019-08-06T08:03:45+00:00"
        },
        {
            "name": "symfony/yaml",
            "version": "v4.3.8",
            "source": {
                "type": "git",
                "url": "https://github.com/symfony/yaml.git",
                "reference": "324cf4b19c345465fad14f3602050519e09e361d"
            },
            "dist": {
                "type": "zip",
                "url": "https://api.github.com/repos/symfony/yaml/zipball/324cf4b19c345465fad14f3602050519e09e361d",
                "reference": "324cf4b19c345465fad14f3602050519e09e361d",
                "shasum": ""
            },
            "require": {
                "php": "^7.1.3",
                "symfony/polyfill-ctype": "~1.8"
            },
            "conflict": {
                "symfony/console": "<3.4"
            },
            "require-dev": {
                "symfony/console": "~3.4|~4.0"
            },
            "suggest": {
                "symfony/console": "For validating YAML files using the lint command"
            },
            "type": "library",
            "extra": {
                "branch-alias": {
                    "dev-master": "4.3-dev"
                }
            },
            "autoload": {
                "psr-4": {
                    "Symfony\\Component\\Yaml\\": ""
                },
                "exclude-from-classmap": [
                    "/Tests/"
                ]
            },
            "notification-url": "https://packagist.org/downloads/",
            "license": [
                "MIT"
            ],
            "authors": [
                {
                    "name": "Fabien Potencier",
                    "email": "fabien@symfony.com"
                },
                {
                    "name": "Symfony Community",
                    "homepage": "https://symfony.com/contributors"
                }
            ],
            "description": "Symfony Yaml Component",
            "homepage": "https://symfony.com",
            "time": "2019-10-30T12:58:49+00:00"
        },
        {
            "name": "toast/unit",
            "version": "2.0.1",
            "source": {
                "type": "git",
                "url": "https://github.com/toast-php/unit.git",
                "reference": "8d4a85038bd42162f661f63bba173279bb6573b7"
            },
            "dist": {
                "type": "zip",
                "url": "https://api.github.com/repos/toast-php/unit/zipball/8d4a85038bd42162f661f63bba173279bb6573b7",
                "reference": "8d4a85038bd42162f661f63bba173279bb6573b7",
                "shasum": ""
            },
            "require": {
                "monomelodies/kingconf": "^1.1.0",
                "php": ">=7.2",
                "simoneast/simple-ansi-colors": "^1.0"
            },
            "bin": [
                "bin/toast"
            ],
            "type": "library",
            "autoload": {
                "psr-4": {
                    "Toast\\Unit\\": "src"
                }
            },
            "notification-url": "https://packagist.org/downloads/",
            "license": [
                "MIT"
            ],
            "authors": [
                {
                    "name": "Marijn Ophorst",
                    "email": "marijn@monomelodies.nl"
                }
            ],
            "description": "Super-simple unit testing for PHP7",
            "time": "2019-11-08T14:52:41+00:00"
        },
        {
            "name": "ulrichsg/getopt-php",
            "version": "3.2.2",
            "source": {
                "type": "git",
                "url": "https://github.com/getopt-php/getopt-php.git",
                "reference": "9df490db25bd192d074f5de4210e232a8ddbeda0"
            },
            "dist": {
                "type": "zip",
                "url": "https://api.github.com/repos/getopt-php/getopt-php/zipball/9df490db25bd192d074f5de4210e232a8ddbeda0",
                "reference": "9df490db25bd192d074f5de4210e232a8ddbeda0",
                "shasum": ""
            },
            "require": {
                "ext-mbstring": "*",
                "php": ">=5.4.0"
            },
            "require-dev": {
                "phpunit/phpunit": "^4.8",
                "squizlabs/php_codesniffer": "^2.7"
            },
            "type": "library",
            "autoload": {
                "psr-4": {
                    "GetOpt\\": "src"
                }
            },
            "notification-url": "https://packagist.org/downloads/",
            "license": [
                "MIT"
            ],
            "authors": [
                {
                    "name": "Ulrich Schmidt-Goertz",
                    "email": "ulrich@schmidt-goertz.de"
                },
                {
                    "name": "Thomas Flori",
                    "email": "thflori@gmail.com"
                }
            ],
            "description": "Command line arguments parser for PHP 5.4 - 7.1",
            "homepage": "http://getopt-php.github.io/getopt-php",
            "time": "2019-01-22T08:01:50+00:00"
        },
        {
            "name": "zendframework/zend-diactoros",
            "version": "1.8.7",
            "source": {
                "type": "git",
                "url": "https://github.com/zendframework/zend-diactoros.git",
                "reference": "a85e67b86e9b8520d07e6415fcbcb8391b44a75b"
            },
            "dist": {
                "type": "zip",
                "url": "https://api.github.com/repos/zendframework/zend-diactoros/zipball/a85e67b86e9b8520d07e6415fcbcb8391b44a75b",
                "reference": "a85e67b86e9b8520d07e6415fcbcb8391b44a75b",
                "shasum": ""
            },
            "require": {
                "php": "^5.6 || ^7.0",
                "psr/http-message": "^1.0"
            },
            "provide": {
                "psr/http-message-implementation": "1.0"
            },
            "require-dev": {
                "ext-dom": "*",
                "ext-libxml": "*",
                "php-http/psr7-integration-tests": "dev-master",
                "phpunit/phpunit": "^5.7.16 || ^6.0.8 || ^7.2.7",
                "zendframework/zend-coding-standard": "~1.0"
            },
            "type": "library",
            "extra": {
                "branch-alias": {
                    "dev-release-1.8": "1.8.x-dev"
                }
            },
            "autoload": {
                "files": [
                    "src/functions/create_uploaded_file.php",
                    "src/functions/marshal_headers_from_sapi.php",
                    "src/functions/marshal_method_from_sapi.php",
                    "src/functions/marshal_protocol_version_from_sapi.php",
                    "src/functions/marshal_uri_from_sapi.php",
                    "src/functions/normalize_server.php",
                    "src/functions/normalize_uploaded_files.php",
                    "src/functions/parse_cookie_header.php"
                ],
                "psr-4": {
                    "Zend\\Diactoros\\": "src/"
                }
            },
            "notification-url": "https://packagist.org/downloads/",
            "license": [
                "BSD-2-Clause"
            ],
            "description": "PSR HTTP Message implementations",
            "homepage": "https://github.com/zendframework/zend-diactoros",
            "keywords": [
                "http",
                "psr",
                "psr-7"
            ],
            "time": "2019-08-06T17:53:53+00:00"
        },
        {
            "name": "zeptech/annotations",
            "version": "1.1.0",
            "source": {
                "type": "git",
                "url": "https://github.com/pgraham/php-annotations.git",
                "reference": "9cd042daa9ace184d04b49f0605edf73f19a9c71"
            },
            "dist": {
                "type": "zip",
                "url": "https://api.github.com/repos/pgraham/php-annotations/zipball/9cd042daa9ace184d04b49f0605edf73f19a9c71",
                "reference": "9cd042daa9ace184d04b49f0605edf73f19a9c71",
                "shasum": ""
            },
            "require": {
                "php": ">=5.3.0"
            },
            "type": "library",
            "autoload": {
                "psr-0": {
                    "zpt\\anno": ""
                }
            },
            "notification-url": "https://packagist.org/downloads/",
            "license": [
                "BSD"
            ],
            "authors": [
                {
                    "name": "Philip Graham",
                    "email": "philip@zeptech.ca"
                }
            ],
            "description": "DOC Block annotation parsing for PHP",
            "homepage": "https://github.com/pgraham/php-annotations",
            "keywords": [
                "annotations"
            ],
            "time": "2013-05-29T02:35:23+00:00"
        }
    ],
    "packages-dev": [],
    "aliases": [],
    "minimum-stability": "stable",
    "stability-flags": [],
    "prefer-stable": false,
    "prefer-lowest": false,
    "platform": {
        "php": ">=7.3"
    },
    "platform-dev": []
}
