{
    "_readme": [
        "This file locks the dependencies of your project to a known state",
        "Read more about it at https://getcomposer.org/doc/01-basic-usage.md#installing-dependencies",
        "This file is @generated automatically"
    ],
    "content-hash": "3c4dd0784fc748bcf1db56060858c960",
    "packages": [
        {
            "name": "filp/whoops",
            "version": "1.1.10",
            "source": {
                "type": "git",
                "url": "https://github.com/filp/whoops.git",
                "reference": "72538eeb70bbfb11964412a3d098d109efd012f7"
            },
            "dist": {
                "type": "zip",
                "url": "https://api.github.com/repos/filp/whoops/zipball/72538eeb70bbfb11964412a3d098d109efd012f7",
                "reference": "72538eeb70bbfb11964412a3d098d109efd012f7",
                "shasum": ""
            },
            "require": {
                "php": ">=5.3.0"
            },
            "require-dev": {
                "mockery/mockery": "0.9.*"
            },
            "type": "library",
            "extra": {
                "branch-alias": {
                    "dev-master": "1.2-dev"
                }
            },
            "autoload": {
                "psr-0": {
                    "Whoops": "src/"
                },
                "classmap": [
                    "src/deprecated"
                ]
            },
            "notification-url": "https://packagist.org/downloads/",
            "license": [
                "MIT"
            ],
            "authors": [
                {
                    "name": "Filipe Dobreira",
                    "homepage": "https://github.com/filp",
                    "role": "Developer"
                }
            ],
            "description": "php error handling for cool kids",
            "homepage": "https://github.com/filp/whoops",
            "keywords": [
                "error",
                "exception",
                "handling",
                "library",
                "silex-provider",
                "whoops",
                "zf2"
            ],
            "time": "2015-06-29T05:42:04+00:00"
        },
        {
            "name": "gentry/toast",
            "version": "0.1.0",
            "source": {
                "type": "git",
                "url": "https://github.com/gentry-php/toast.git",
                "reference": "c5b9ea4e7a3a683006ba182fe137f2455b5f264e"
            },
            "dist": {
                "type": "zip",
                "url": "https://api.github.com/repos/gentry-php/toast/zipball/c5b9ea4e7a3a683006ba182fe137f2455b5f264e",
                "reference": "c5b9ea4e7a3a683006ba182fe137f2455b5f264e",
                "shasum": ""
            },
            "type": "library",
            "notification-url": "https://packagist.org/downloads/",
            "license": [
                "MIT"
            ],
            "authors": [
                {
                    "name": "Marijn Ophorst",
                    "email": "marijn@monomelodies.nl"
                }
            ],
            "description": "Toast templates for Gentry",
            "time": "2017-09-19T11:32:17+00:00"
        },
        {
            "name": "jakeasmith/http_build_url",
            "version": "1.0.1",
            "source": {
                "type": "git",
                "url": "https://github.com/jakeasmith/http_build_url.git",
                "reference": "93c273e77cb1edead0cf8bcf8cd2003428e74e37"
            },
            "dist": {
                "type": "zip",
                "url": "https://api.github.com/repos/jakeasmith/http_build_url/zipball/93c273e77cb1edead0cf8bcf8cd2003428e74e37",
                "reference": "93c273e77cb1edead0cf8bcf8cd2003428e74e37",
                "shasum": ""
            },
            "type": "library",
            "autoload": {
                "files": [
                    "src/http_build_url.php"
                ]
            },
            "notification-url": "https://packagist.org/downloads/",
            "license": [
                "MIT"
            ],
            "authors": [
                {
                    "name": "Jake A. Smith",
                    "email": "theman@jakeasmith.com"
                }
            ],
            "description": "Provides functionality for http_build_url() to environments without pecl_http.",
            "time": "2017-05-01T15:36:40+00:00"
        },
        {
            "name": "league/pipeline",
            "version": "0.1.0",
            "source": {
                "type": "git",
                "url": "https://github.com/thephpleague/pipeline.git",
                "reference": "c8145611b588ab20bb5dd7a12d0f741b40fc57bd"
            },
            "dist": {
                "type": "zip",
                "url": "https://api.github.com/repos/thephpleague/pipeline/zipball/c8145611b588ab20bb5dd7a12d0f741b40fc57bd",
                "reference": "c8145611b588ab20bb5dd7a12d0f741b40fc57bd",
                "shasum": ""
            },
            "require": {
                "php": ">=5.5"
            },
            "require-dev": {
                "henrikbjorn/phpspec-code-coverage": "^1.0",
                "phpspec/phpspec": "^2.2"
            },
            "type": "library",
            "autoload": {
                "psr-4": {
                    "League\\Pipeline\\": "src"
                }
            },
            "notification-url": "https://packagist.org/downloads/",
            "license": [
                "MIT"
            ],
            "authors": [
                {
                    "name": "Frank de Jonge",
                    "email": "info@frenky.net"
                }
            ],
            "description": "A plug and play pipeline implementation.",
            "keywords": [
                "composition",
                "design pattern",
                "pattern",
                "pipeline",
                "sequential"
            ],
            "time": "2015-06-25T16:50:06+00:00"
        },
        {
            "name": "monolyth/booby",
            "version": "1.2.1",
            "source": {
                "type": "git",
                "url": "https://github.com/monolyth-php/booby.git",
                "reference": "757f92f3918f8e458fdb0ab0ef360e2d3ab96833"
            },
            "dist": {
                "type": "zip",
                "url": "https://api.github.com/repos/monolyth-php/booby/zipball/757f92f3918f8e458fdb0ab0ef360e2d3ab96833",
                "reference": "757f92f3918f8e458fdb0ab0ef360e2d3ab96833",
                "shasum": ""
            },
            "require": {
                "php": ">=5.5"
            },
            "require-dev": {
                "gentry/gentry": "^0.9.0"
            },
            "type": "library",
            "autoload": {
                "psr-4": {
                    "Monolyth\\Booby\\": "src"
                }
            },
            "notification-url": "https://packagist.org/downloads/",
            "license": [
                "MIT"
            ],
            "authors": [
                {
                    "name": "Marijn Ophorst",
                    "email": "marijn@monomelodies.nl"
                }
            ],
            "description": "Flash message storage system for Monolyth unframework",
            "keywords": [
                "flash",
                "message",
                "monolyth",
                "php",
                "storage"
            ],
            "time": "2016-07-17T08:53:14+00:00"
        },
        {
            "name": "monolyth/cesession",
            "version": "1.1.4",
            "source": {
                "type": "git",
                "url": "https://github.com/monolyth-php/cesession.git",
                "reference": "4b1660396dab801177d34271154f7f6d286de6fa"
            },
            "dist": {
                "type": "zip",
                "url": "https://api.github.com/repos/monolyth-php/cesession/zipball/4b1660396dab801177d34271154f7f6d286de6fa",
                "reference": "4b1660396dab801177d34271154f7f6d286de6fa",
                "shasum": ""
            },
            "require": {
                "gentry/toast": "^0.1.0",
                "php": ">=7.2",
                "toast/unit": "^1.3"
            },
            "require-dev": {
                "ext-memcached": "*",
                "gentry/gentry": "^0.13.0"
            },
            "type": "library",
            "autoload": {
                "psr-4": {
                    "Monolyth\\Cesession\\": "src"
                }
            },
            "notification-url": "https://packagist.org/downloads/",
            "license": [
                "MIT"
            ],
            "authors": [
                {
                    "name": "Marijn Ophorst",
                    "email": "marijn@monomelodies.nl"
                }
            ],
            "description": "Alternative PHP session handler for Monolyth unframework",
            "keywords": [
                "handler",
                "monolyth",
                "php",
                "session"
            ],
            "time": "2018-10-05T12:02:09+00:00"
        },
        {
            "name": "monolyth/croney",
            "version": "0.5.1",
            "source": {
                "type": "git",
                "url": "https://github.com/monolyth-php/croney.git",
                "reference": "664a996d74e77e231c11b8e5e7c6983b0baddb57"
            },
            "dist": {
                "type": "zip",
                "url": "https://api.github.com/repos/monolyth-php/croney/zipball/664a996d74e77e231c11b8e5e7c6983b0baddb57",
                "reference": "664a996d74e77e231c11b8e5e7c6983b0baddb57",
                "shasum": ""
            },
            "require": {
                "php": ">=7.2"
            },
            "require-dev": {
                "gentry/gentry": "^0.13.0",
                "toast/unit": "^1.3"
            },
            "suggest": {
                "monolog/monolog": "Log task output somewhere more useful than STDERR"
            },
            "type": "library",
            "autoload": {
                "psr-4": {
                    "Monolyth\\Croney\\": "src/"
                }
            },
            "notification-url": "https://packagist.org/downloads/",
            "license": [
                "MIT"
            ],
            "authors": [
                {
                    "name": "Marijn Ophorst",
                    "email": "marijn@monomelodies.nl"
                }
            ],
            "description": "PHP-based CRON scheduler",
            "time": "2018-09-08T07:35:27+00:00"
        },
        {
            "name": "monolyth/disclosure",
            "version": "2.1.2",
            "source": {
                "type": "git",
                "url": "https://github.com/monolyth-php/disclosure.git",
                "reference": "46930b2f71764af4b9ee3ee76a48c27fe0d78290"
            },
            "dist": {
                "type": "zip",
                "url": "https://api.github.com/repos/monolyth-php/disclosure/zipball/46930b2f71764af4b9ee3ee76a48c27fe0d78290",
                "reference": "46930b2f71764af4b9ee3ee76a48c27fe0d78290",
                "shasum": ""
            },
            "require": {
                "php": ">=7.2",
                "toast/unit": "^1.3"
            },
            "require-dev": {
                "gentry/gentry": "^0.13.3"
            },
            "type": "library",
            "autoload": {
                "psr-4": {
                    "Monolyth\\Disclosure\\": "src",
                    "Psr\\Container\\": "psr"
                }
            },
            "notification-url": "https://packagist.org/downloads/",
            "license": [
                "MIT"
            ],
            "authors": [
                {
                    "name": "Marijn Ophorst",
                    "email": "marijn@monomelodies.nl"
                }
            ],
            "description": "Dependency injection for the Monolyth unframework",
            "keywords": [
                "dependency",
                "injection",
                "monolyth",
                "php"
            ],
            "time": "2018-09-08T06:58:02+00:00"
        },
        {
            "name": "monolyth/envy",
            "version": "0.5.3",
            "source": {
                "type": "git",
                "url": "https://github.com/monolyth-php/envy.git",
                "reference": "f8c3f1530687290d706da1aefed9aa63f1cba67b"
            },
            "dist": {
                "type": "zip",
                "url": "https://api.github.com/repos/monolyth-php/envy/zipball/f8c3f1530687290d706da1aefed9aa63f1cba67b",
                "reference": "f8c3f1530687290d706da1aefed9aa63f1cba67b",
                "shasum": ""
            },
            "require": {
                "monomelodies/kingconf": "^1.1.0"
            },
            "require-dev": {
                "phpunit/phpunit": "^4.8"
            },
            "type": "library",
            "autoload": {
                "psr-4": {
                    "Monolyth\\Envy\\": "src/"
                }
            },
            "notification-url": "https://packagist.org/downloads/",
            "license": [
                "MIT"
            ],
            "authors": [
                {
                    "name": "Marijn Ophorst",
                    "email": "marijn@monomelodies.nl"
                }
            ],
            "description": "Flexible environment handler for PHP projects (including unit tests!)",
            "time": "2017-04-11T06:52:16+00:00"
        },
        {
            "name": "monolyth/formulaic",
            "version": "1.9.1",
            "source": {
                "type": "git",
                "url": "https://github.com/monolyth-php/formulaic.git",
                "reference": "a3b426c53448a5341b7a891976b864c92b5d3094"
            },
            "dist": {
                "type": "zip",
                "url": "https://api.github.com/repos/monolyth-php/formulaic/zipball/a3b426c53448a5341b7a891976b864c92b5d3094",
                "reference": "a3b426c53448a5341b7a891976b864c92b5d3094",
                "shasum": ""
            },
            "require": {
                "php": ">=7.2"
            },
            "require-dev": {
                "gentry/gentry": "^0.10.0",
                "php": ">=7.2",
                "toast/unit": "^1.1"
            },
            "type": "library",
            "autoload": {
                "psr-4": {
                    "Monolyth\\Formulaic\\": "src"
                }
            },
            "notification-url": "https://packagist.org/downloads/",
            "license": [
                "MIT"
            ],
            "authors": [
                {
                    "name": "Marijn Ophorst",
                    "email": "marijn@monomelodies.nl"
                }
            ],
            "description": "Monolyth unframework object oriented form tools",
            "keywords": [
                "HTML5",
                "form",
                "monolyth",
                "oo",
                "php",
                "validation"
            ],
            "time": "2018-04-22T14:25:52+00:00"
        },
        {
            "name": "monolyth/frontal",
            "version": "1.0.0",
            "source": {
                "type": "git",
                "url": "https://github.com/monolyth-php/frontal.git",
                "reference": "5577a71e31d140594cba658942b12779af90f780"
            },
            "dist": {
                "type": "zip",
                "url": "https://api.github.com/repos/monolyth-php/frontal/zipball/5577a71e31d140594cba658942b12779af90f780",
                "reference": "5577a71e31d140594cba658942b12779af90f780",
                "shasum": ""
            },
            "require": {
                "league/pipeline": "^0.1.0",
                "php": ">=5.4",
                "zendframework/zend-diactoros": "^1.2"
            },
            "require-dev": {
                "gentry/gentry": "^0.10.0"
            },
            "suggest": {
                "filp/whoops": "PHP errors for cool kids",
                "monolyth/plumber": "Monolyth utilities",
                "twig/twig": "Twig templating engine"
            },
            "type": "library",
            "autoload": {
                "psr-4": {
                    "Monolyth\\Frontal\\": "src/"
                }
            },
            "notification-url": "https://packagist.org/downloads/",
            "license": [
                "MIT"
            ],
            "authors": [
                {
                    "name": "Marijn Ophorst",
                    "email": "marijn@monomelodies.nl"
                }
            ],
            "description": "Monolyth unframework Front controller package",
            "keywords": [
                "framework",
                "front controller",
                "mvc",
                "oo",
                "php",
                "unframework"
            ],
            "time": "2016-07-16T08:30:54+00:00"
        },
        {
            "name": "monolyth/improse",
            "version": "0.7.0",
            "source": {
                "type": "git",
                "url": "https://github.com/monolyth-php/improse.git",
                "reference": "14b369c6d67436532c81526fc37531a327157524"
            },
            "dist": {
                "type": "zip",
                "url": "https://api.github.com/repos/monolyth-php/improse/zipball/14b369c6d67436532c81526fc37531a327157524",
                "reference": "14b369c6d67436532c81526fc37531a327157524",
                "shasum": ""
            },
            "require": {
                "filp/whoops": "^1.1"
            },
            "require-dev": {
                "gentry/gentry": "^0.10.0"
            },
            "type": "library",
            "autoload": {
                "psr-4": {
                    "Monolyth\\Improse\\": "src"
                }
            },
            "notification-url": "https://packagist.org/downloads/",
            "license": [
                "MIT"
            ],
            "authors": [
                {
                    "name": "Marijn Ophorst",
                    "email": "marijn@monomelodies.nl"
                }
            ],
            "description": "PHP5 View and templating system for MVC projects",
            "keywords": [
                "mvc",
                "php",
                "template",
                "view"
            ],
            "time": "2016-07-16T07:01:18+00:00"
        },
        {
            "name": "monolyth/mural",
            "version": "0.3.0",
            "source": {
                "type": "git",
                "url": "https://github.com/monolyth-php/mural.git",
                "reference": "dc784bb3b911ddea7c91dd299986e3ff420ceb82"
            },
            "dist": {
                "type": "zip",
                "url": "https://api.github.com/repos/monolyth-php/mural/zipball/dc784bb3b911ddea7c91dd299986e3ff420ceb82",
                "reference": "dc784bb3b911ddea7c91dd299986e3ff420ceb82",
                "shasum": ""
            },
            "require": {
                "php": ">=5.3"
            },
            "require-dev": {
                "phpunit/phpunit": "^4.7"
            },
            "type": "library",
            "autoload": {
                "psr-4": {
                    "": [
                        "tests"
                    ],
                    "Monolyth\\Mural\\": [
                        "src"
                    ]
                }
            },
            "notification-url": "https://packagist.org/downloads/",
            "license": [
                "MIT"
            ],
            "authors": [
                {
                    "name": "Marijn Ophorst",
                    "email": "marijn@monomelodies.nl"
                }
            ],
            "description": "MUltiple \"Resource\" AutoLoader",
            "time": "2016-07-16T08:38:04+00:00"
        },
        {
            "name": "monolyth/plumber",
            "version": "1.1.0",
            "source": {
                "type": "git",
                "url": "https://github.com/monolyth-php/plumber.git",
                "reference": "3378da8353896c15b8d3ae305a828a3e4008a3cc"
            },
            "dist": {
                "type": "zip",
                "url": "https://api.github.com/repos/monolyth-php/plumber/zipball/3378da8353896c15b8d3ae305a828a3e4008a3cc",
                "reference": "3378da8353896c15b8d3ae305a828a3e4008a3cc",
                "shasum": ""
            },
            "require": {
                "ext-mbstring": "*"
            },
            "require-dev": {
                "toast/unit": "^1.3"
            },
            "type": "library",
            "autoload": {
                "psr-4": {
                    "Monolyth\\Plumber\\": "src/"
                }
            },
            "notification-url": "https://packagist.org/downloads/",
            "license": [
                "MIT"
            ],
            "authors": [
                {
                    "name": "Marijn Ophorst",
                    "email": "marijn@monomelodies.nl"
                }
            ],
            "description": "Utilities for the Monolyth unframework",
            "time": "2018-02-14T06:16:18+00:00"
        },
        {
            "name": "monolyth/reroute",
            "version": "4.2.6",
            "source": {
                "type": "git",
                "url": "https://github.com/monolyth-php/reroute.git",
                "reference": "e171b85a610188fa18663b9780604cf6c0b93a5f"
            },
            "dist": {
                "type": "zip",
                "url": "https://api.github.com/repos/monolyth-php/reroute/zipball/e171b85a610188fa18663b9780604cf6c0b93a5f",
                "reference": "e171b85a610188fa18663b9780604cf6c0b93a5f",
                "shasum": ""
            },
            "require": {
                "jakeasmith/http_build_url": "^1.0.0",
                "league/pipeline": "^0.1.0",
                "php": ">=7.1",
                "zendframework/zend-diactoros": "^1.2"
            },
            "require-dev": {
                "toast/unit": "^1.3"
            },
            "type": "library",
            "autoload": {
                "psr-4": {
                    "Monolyth\\Reroute\\": "src"
                }
            },
            "notification-url": "https://packagist.org/downloads/",
            "license": [
                "MIT"
            ],
            "authors": [
                {
                    "name": "Marijn Ophorst",
                    "email": "marijn@monomelodies.nl"
                }
            ],
            "description": "Extremely flexible router for the Monolyth unframework",
            "keywords": [
                "mvc",
                "php",
                "router"
            ],
            "time": "2018-08-28T12:34:03+00:00"
        },
        {
            "name": "monomelodies/kingconf",
            "version": "1.1.4",
            "source": {
                "type": "git",
                "url": "https://github.com/monomelodies/kingconf.git",
                "reference": "30c85dabb840ec5229e93fb010e1493c0278c959"
            },
            "dist": {
                "type": "zip",
                "url": "https://api.github.com/repos/monomelodies/kingconf/zipball/30c85dabb840ec5229e93fb010e1493c0278c959",
                "reference": "30c85dabb840ec5229e93fb010e1493c0278c959",
                "shasum": ""
            },
            "require": {
                "php": ">=7.2",
                "symfony/yaml": "^2.8.9"
            },
            "require-dev": {
                "phpunit/phpunit": ">=4"
            },
            "type": "library",
            "autoload": {
                "psr-4": {
                    "Monomelodies\\Kingconf\\": "src/"
                }
            },
            "notification-url": "https://packagist.org/downloads/",
            "license": [
                "MIT"
            ],
            "authors": [
                {
                    "name": "Marijn Ophorst",
                    "email": "marijn@monomelodies.nl"
                }
            ],
            "description": "Load configuration in any sane format",
            "keywords": [
                "config",
                "configuration",
                "ini",
                "json",
                "loader",
                "php",
                "xml",
                "yaml"
            ],
            "time": "2018-07-18T07:30:47+00:00"
        },
        {
            "name": "psr/http-message",
            "version": "1.0.1",
            "source": {
                "type": "git",
                "url": "https://github.com/php-fig/http-message.git",
                "reference": "f6561bf28d520154e4b0ec72be95418abe6d9363"
            },
            "dist": {
                "type": "zip",
                "url": "https://api.github.com/repos/php-fig/http-message/zipball/f6561bf28d520154e4b0ec72be95418abe6d9363",
                "reference": "f6561bf28d520154e4b0ec72be95418abe6d9363",
                "shasum": ""
            },
            "require": {
                "php": ">=5.3.0"
            },
            "type": "library",
            "extra": {
                "branch-alias": {
                    "dev-master": "1.0.x-dev"
                }
            },
            "autoload": {
                "psr-4": {
                    "Psr\\Http\\Message\\": "src/"
                }
            },
            "notification-url": "https://packagist.org/downloads/",
            "license": [
                "MIT"
            ],
            "authors": [
                {
                    "name": "PHP-FIG",
                    "homepage": "http://www.php-fig.org/"
                }
            ],
            "description": "Common interface for HTTP messages",
            "homepage": "https://github.com/php-fig/http-message",
            "keywords": [
                "http",
                "http-message",
                "psr",
                "psr-7",
                "request",
                "response"
            ],
            "time": "2016-08-06T14:39:51+00:00"
        },
        {
            "name": "simoneast/simple-ansi-colors",
            "version": "1.0.1",
            "source": {
                "type": "git",
                "url": "https://github.com/SimonEast/Simple-Ansi-Colors.git",
                "reference": "7b0abb5d779e25fffd26bcceb3d88278d1c064ed"
            },
            "dist": {
                "type": "zip",
                "url": "https://api.github.com/repos/SimonEast/Simple-Ansi-Colors/zipball/7b0abb5d779e25fffd26bcceb3d88278d1c064ed",
                "reference": "7b0abb5d779e25fffd26bcceb3d88278d1c064ed",
                "shasum": ""
            },
            "require": {
                "php": ">=5.3.0"
            },
            "type": "library",
            "autoload": {
                "psr-0": {
                    "Ansi": ""
                }
            },
            "notification-url": "https://packagist.org/downloads/",
            "license": [
                "MIT"
            ],
            "authors": [
                {
                    "name": "Simon East",
                    "email": "simon@yump.com.au"
                }
            ],
            "description": "Simple PHP class for converting basic HTML-like color tags into ANSI escape codes for use in console apps and scripts. Auto-detection for Windows/Ansicon users included.",
            "homepage": "https://github.com/SimonEast/Simple-Ansi-Colors",
            "keywords": [
                "ansi",
                "ansicon",
                "color",
                "colors",
                "colour",
                "colours",
                "console"
            ],
            "time": "2015-11-24T03:03:27+00:00"
        },
        {
            "name": "symfony/polyfill-ctype",
            "version": "v1.9.0",
            "source": {
                "type": "git",
                "url": "https://github.com/symfony/polyfill-ctype.git",
                "reference": "e3d826245268269cd66f8326bd8bc066687b4a19"
            },
            "dist": {
                "type": "zip",
                "url": "https://api.github.com/repos/symfony/polyfill-ctype/zipball/e3d826245268269cd66f8326bd8bc066687b4a19",
                "reference": "e3d826245268269cd66f8326bd8bc066687b4a19",
                "shasum": ""
            },
            "require": {
                "php": ">=5.3.3"
            },
            "suggest": {
                "ext-ctype": "For best performance"
            },
            "type": "library",
            "extra": {
                "branch-alias": {
                    "dev-master": "1.9-dev"
                }
            },
            "autoload": {
                "psr-4": {
                    "Symfony\\Polyfill\\Ctype\\": ""
                },
                "files": [
                    "bootstrap.php"
                ]
            },
            "notification-url": "https://packagist.org/downloads/",
            "license": [
                "MIT"
            ],
            "authors": [
                {
                    "name": "Symfony Community",
                    "homepage": "https://symfony.com/contributors"
                },
                {
                    "name": "Gert de Pagter",
                    "email": "BackEndTea@gmail.com"
                }
            ],
            "description": "Symfony polyfill for ctype functions",
            "homepage": "https://symfony.com",
            "keywords": [
                "compatibility",
                "ctype",
                "polyfill",
                "portable"
            ],
            "time": "2018-08-06T14:22:27+00:00"
        },
        {
            "name": "symfony/yaml",
            "version": "v2.8.46",
            "source": {
                "type": "git",
                "url": "https://github.com/symfony/yaml.git",
                "reference": "5baf0f821b14eee8ca415e6a0361a9fa140c002c"
            },
            "dist": {
                "type": "zip",
                "url": "https://api.github.com/repos/symfony/yaml/zipball/5baf0f821b14eee8ca415e6a0361a9fa140c002c",
                "reference": "5baf0f821b14eee8ca415e6a0361a9fa140c002c",
                "shasum": ""
            },
            "require": {
                "php": ">=5.3.9",
                "symfony/polyfill-ctype": "~1.8"
            },
            "type": "library",
            "extra": {
                "branch-alias": {
                    "dev-master": "2.8-dev"
                }
            },
            "autoload": {
                "psr-4": {
                    "Symfony\\Component\\Yaml\\": ""
                },
                "exclude-from-classmap": [
                    "/Tests/"
                ]
            },
            "notification-url": "https://packagist.org/downloads/",
            "license": [
                "MIT"
            ],
            "authors": [
                {
                    "name": "Fabien Potencier",
                    "email": "fabien@symfony.com"
                },
                {
                    "name": "Symfony Community",
                    "homepage": "https://symfony.com/contributors"
                }
            ],
            "description": "Symfony Yaml Component",
            "homepage": "https://symfony.com",
            "time": "2018-08-29T13:11:53+00:00"
        },
        {
            "name": "toast/unit",
            "version": "1.3.7",
            "source": {
                "type": "git",
                "url": "https://github.com/toast-php/unit.git",
                "reference": "1c002347ad21e3b92e35282579c6574ca866e449"
            },
            "dist": {
                "type": "zip",
                "url": "https://api.github.com/repos/toast-php/unit/zipball/1c002347ad21e3b92e35282579c6574ca866e449",
                "reference": "1c002347ad21e3b92e35282579c6574ca866e449",
                "shasum": ""
            },
            "require": {
                "monomelodies/kingconf": "^1.1.0",
                "php": ">=7",
                "simoneast/simple-ansi-colors": "^1.0"
            },
            "bin": [
                "bin/toast"
            ],
            "type": "library",
            "autoload": {
                "psr-4": {
                    "Toast\\Unit\\": "src"
                }
            },
            "notification-url": "https://packagist.org/downloads/",
            "license": [
                "MIT"
            ],
            "authors": [
                {
                    "name": "Marijn Ophorst",
                    "email": "marijn@monomelodies.nl"
                }
            ],
            "description": "Super-simple unit testing for PHP7",
            "time": "2018-08-03T12:39:46+00:00"
        },
        {
            "name": "zendframework/zend-diactoros",
            "version": "1.8.6",
            "source": {
                "type": "git",
                "url": "https://github.com/zendframework/zend-diactoros.git",
                "reference": "20da13beba0dde8fb648be3cc19765732790f46e"
            },
            "dist": {
                "type": "zip",
                "url": "https://api.github.com/repos/zendframework/zend-diactoros/zipball/20da13beba0dde8fb648be3cc19765732790f46e",
                "reference": "20da13beba0dde8fb648be3cc19765732790f46e",
                "shasum": ""
            },
            "require": {
                "php": "^5.6 || ^7.0",
                "psr/http-message": "^1.0"
            },
            "provide": {
                "psr/http-message-implementation": "1.0"
            },
            "require-dev": {
                "ext-dom": "*",
                "ext-libxml": "*",
                "php-http/psr7-integration-tests": "dev-master",
                "phpunit/phpunit": "^5.7.16 || ^6.0.8 || ^7.2.7",
                "zendframework/zend-coding-standard": "~1.0"
            },
            "type": "library",
            "extra": {
                "branch-alias": {
                    "dev-master": "1.8.x-dev",
                    "dev-develop": "1.9.x-dev",
                    "dev-release-2.0": "2.0.x-dev"
                }
            },
            "autoload": {
                "files": [
                    "src/functions/create_uploaded_file.php",
                    "src/functions/marshal_headers_from_sapi.php",
                    "src/functions/marshal_method_from_sapi.php",
                    "src/functions/marshal_protocol_version_from_sapi.php",
                    "src/functions/marshal_uri_from_sapi.php",
                    "src/functions/normalize_server.php",
                    "src/functions/normalize_uploaded_files.php",
                    "src/functions/parse_cookie_header.php"
                ],
                "psr-4": {
                    "Zend\\Diactoros\\": "src/"
                }
            },
            "notification-url": "https://packagist.org/downloads/",
            "license": [
                "BSD-2-Clause"
            ],
            "description": "PSR HTTP Message implementations",
            "homepage": "https://github.com/zendframework/zend-diactoros",
            "keywords": [
                "http",
                "psr",
                "psr-7"
            ],
            "time": "2018-09-05T19:29:37+00:00"
        }
    ],
    "packages-dev": [],
    "aliases": [],
    "minimum-stability": "stable",
    "stability-flags": [],
    "prefer-stable": false,
    "prefer-lowest": false,
    "platform": {
        "php": ">=7.2"
    },
    "platform-dev": []
}
